// !$*UTF8*$!
{
	archiveVersion = 1;
	classes = {
	};
	objectVersion = 56;
	objects = {

/* Begin PBXBuildFile section */
		6311AD8429E047D40079B596 /* game_play.cpp in Sources */ = {isa = PBXBuildFile; fileRef = 6311AD8329E047D40079B596 /* game_play.cpp */; };
		6311ADBE29E0E65A0079B596 /* mainTest.cpp in Sources */ = {isa = PBXBuildFile; fileRef = 6311ADBD29E0E65A0079B596 /* mainTest.cpp */; };
		6311ADC229E0E7FB0079B596 /* view.cpp in Sources */ = {isa = PBXBuildFile; fileRef = 631EA6B229DFB11F009939E5 /* view.cpp */; };
		6311ADC429E0EA0D0079B596 /* InteligenceTest.cpp in Sources */ = {isa = PBXBuildFile; fileRef = 6311ADC329E0EA0D0079B596 /* InteligenceTest.cpp */; };
		6311ADC529E0F55F0079B596 /* inteligence.cpp in Sources */ = {isa = PBXBuildFile; fileRef = 631EA6AF29DFAA71009939E5 /* inteligence.cpp */; };
		631EA69E29DF97DB009939E5 /* main.cpp in Sources */ = {isa = PBXBuildFile; fileRef = 631EA69D29DF97DB009939E5 /* main.cpp */; };
		631EA6A929DF9AE6009939E5 /* game.cpp in Sources */ = {isa = PBXBuildFile; fileRef = 631EA6A729DF9AE6009939E5 /* game.cpp */; };
		631EA6B129DFAA71009939E5 /* inteligence.cpp in Sources */ = {isa = PBXBuildFile; fileRef = 631EA6AF29DFAA71009939E5 /* inteligence.cpp */; };
		631EA6B429DFB11F009939E5 /* view.cpp in Sources */ = {isa = PBXBuildFile; fileRef = 631EA6B229DFB11F009939E5 /* view.cpp */; };
/* End PBXBuildFile section */

/* Begin PBXCopyFilesBuildPhase section */
		6311ADB929E0E65A0079B596 /* CopyFiles */ = {
			isa = PBXCopyFilesBuildPhase;
			buildActionMask = 2147483647;
			dstPath = /usr/share/man/man1/;
			dstSubfolderSpec = 0;
			files = (
			);
			runOnlyForDeploymentPostprocessing = 1;
		};
		631EA69829DF97DB009939E5 /* CopyFiles */ = {
			isa = PBXCopyFilesBuildPhase;
			buildActionMask = 2147483647;
			dstPath = /usr/share/man/man1/;
			dstSubfolderSpec = 0;
			files = (
			);
			runOnlyForDeploymentPostprocessing = 1;
		};
/* End PBXCopyFilesBuildPhase section */

/* Begin PBXFileReference section */
		6311AD8229E047960079B596 /* game_play.h */ = {isa = PBXFileReference; lastKnownFileType = sourcecode.c.h; path = game_play.h; sourceTree = "<group>"; };
		6311AD8329E047D40079B596 /* game_play.cpp */ = {isa = PBXFileReference; lastKnownFileType = sourcecode.cpp.cpp; path = game_play.cpp; sourceTree = "<group>"; };
		6311ADBB29E0E65A0079B596 /* JogoDaVelhaTest */ = {isa = PBXFileReference; explicitFileType = "compiled.mach-o.executable"; includeInIndex = 0; path = JogoDaVelhaTest; sourceTree = BUILT_PRODUCTS_DIR; };
		6311ADBD29E0E65A0079B596 /* mainTest.cpp */ = {isa = PBXFileReference; lastKnownFileType = sourcecode.cpp.cpp; path = mainTest.cpp; sourceTree = "<group>"; };
		6311ADC329E0EA0D0079B596 /* InteligenceTest.cpp */ = {isa = PBXFileReference; lastKnownFileType = sourcecode.cpp.cpp; path = InteligenceTest.cpp; sourceTree = "<group>"; };
		631EA69A29DF97DB009939E5 /* JogoDaVelha */ = {isa = PBXFileReference; explicitFileType = "compiled.mach-o.executable"; includeInIndex = 0; path = JogoDaVelha; sourceTree = BUILT_PRODUCTS_DIR; };
		631EA69D29DF97DB009939E5 /* main.cpp */ = {isa = PBXFileReference; lastKnownFileType = sourcecode.cpp.cpp; path = main.cpp; sourceTree = "<group>"; };
		631EA6A729DF9AE6009939E5 /* game.cpp */ = {isa = PBXFileReference; lastKnownFileType = sourcecode.cpp.cpp; path = game.cpp; sourceTree = "<group>"; };
		631EA6AD29DF9F31009939E5 /* game_contract.h */ = {isa = PBXFileReference; lastKnownFileType = sourcecode.c.h; path = game_contract.h; sourceTree = "<group>"; };
		631EA6AF29DFAA71009939E5 /* inteligence.cpp */ = {isa = PBXFileReference; lastKnownFileType = sourcecode.cpp.cpp; path = inteligence.cpp; sourceTree = "<group>"; };
		631EA6B029DFAA71009939E5 /* inteligence_contract.h */ = {isa = PBXFileReference; lastKnownFileType = sourcecode.c.h; path = inteligence_contract.h; sourceTree = "<group>"; };
		631EA6B229DFB11F009939E5 /* view.cpp */ = {isa = PBXFileReference; lastKnownFileType = sourcecode.cpp.cpp; path = view.cpp; sourceTree = "<group>"; };
		631EA6B629DFB3BD009939E5 /* view_contract.h */ = {isa = PBXFileReference; lastKnownFileType = sourcecode.c.h; path = view_contract.h; sourceTree = "<group>"; };
/* End PBXFileReference section */

/* Begin PBXFrameworksBuildPhase section */
		6311ADB829E0E65A0079B596 /* Frameworks */ = {
			isa = PBXFrameworksBuildPhase;
			buildActionMask = 2147483647;
			files = (
			);
			runOnlyForDeploymentPostprocessing = 0;
		};
		631EA69729DF97DB009939E5 /* Frameworks */ = {
			isa = PBXFrameworksBuildPhase;
			buildActionMask = 2147483647;
			files = (
			);
			runOnlyForDeploymentPostprocessing = 0;
		};
/* End PBXFrameworksBuildPhase section */

/* Begin PBXGroup section */
		6311ADBC29E0E65A0079B596 /* JogoDaVelhaTest */ = {
			isa = PBXGroup;
			children = (
				6311ADBD29E0E65A0079B596 /* mainTest.cpp */,
				6311ADC329E0EA0D0079B596 /* InteligenceTest.cpp */,
			);
			path = JogoDaVelhaTest;
			sourceTree = "<group>";
		};
		631EA69129DF97DB009939E5 = {
			isa = PBXGroup;
			children = (
				631EA69C29DF97DB009939E5 /* JogoDaVelha */,
				6311ADBC29E0E65A0079B596 /* JogoDaVelhaTest */,
				631EA69B29DF97DB009939E5 /* Products */,
			);
			sourceTree = "<group>";
		};
		631EA69B29DF97DB009939E5 /* Products */ = {
			isa = PBXGroup;
			children = (
				631EA69A29DF97DB009939E5 /* JogoDaVelha */,
				6311ADBB29E0E65A0079B596 /* JogoDaVelhaTest */,
			);
			name = Products;
			sourceTree = "<group>";
		};
		631EA69C29DF97DB009939E5 /* JogoDaVelha */ = {
			isa = PBXGroup;
			children = (
				631EA69D29DF97DB009939E5 /* main.cpp */,
				631EA6A729DF9AE6009939E5 /* game.cpp */,
				631EA6AD29DF9F31009939E5 /* game_contract.h */,
				631EA6AF29DFAA71009939E5 /* inteligence.cpp */,
				631EA6B029DFAA71009939E5 /* inteligence_contract.h */,
				631EA6B229DFB11F009939E5 /* view.cpp */,
				631EA6B629DFB3BD009939E5 /* view_contract.h */,
				6311AD8229E047960079B596 /* game_play.h */,
				6311AD8329E047D40079B596 /* game_play.cpp */,
			);
			path = JogoDaVelha;
			sourceTree = "<group>";
		};
/* End PBXGroup section */

/* Begin PBXNativeTarget section */
		6311ADBA29E0E65A0079B596 /* JogoDaVelhaTest */ = {
			isa = PBXNativeTarget;
			buildConfigurationList = 6311ADBF29E0E65A0079B596 /* Build configuration list for PBXNativeTarget "JogoDaVelhaTest" */;
			buildPhases = (
				6311ADB729E0E65A0079B596 /* Sources */,
				6311ADB829E0E65A0079B596 /* Frameworks */,
				6311ADB929E0E65A0079B596 /* CopyFiles */,
			);
			buildRules = (
			);
			dependencies = (
			);
			name = JogoDaVelhaTest;
			productName = JogoDaVelhaTest;
			productReference = 6311ADBB29E0E65A0079B596 /* JogoDaVelhaTest */;
			productType = "com.apple.product-type.tool";
		};
		631EA69929DF97DB009939E5 /* JogoDaVelha */ = {
			isa = PBXNativeTarget;
			buildConfigurationList = 631EA6A129DF97DB009939E5 /* Build configuration list for PBXNativeTarget "JogoDaVelha" */;
			buildPhases = (
				631EA69629DF97DB009939E5 /* Sources */,
				631EA69729DF97DB009939E5 /* Frameworks */,
				631EA69829DF97DB009939E5 /* CopyFiles */,
			);
			buildRules = (
			);
			dependencies = (
			);
			name = JogoDaVelha;
			productName = JogoDaVelha;
			productReference = 631EA69A29DF97DB009939E5 /* JogoDaVelha */;
			productType = "com.apple.product-type.tool";
		};
/* End PBXNativeTarget section */

/* Begin PBXProject section */
		631EA69229DF97DB009939E5 /* Project object */ = {
			isa = PBXProject;
			attributes = {
				BuildIndependentTargetsInParallel = 1;
				LastSwiftUpdateCheck = 1410;
				LastUpgradeCheck = 1410;
				TargetAttributes = {
					6311ADBA29E0E65A0079B596 = {
						CreatedOnToolsVersion = 14.1;
					};
					631EA69929DF97DB009939E5 = {
						CreatedOnToolsVersion = 14.1;
					};
				};
			};
			buildConfigurationList = 631EA69529DF97DB009939E5 /* Build configuration list for PBXProject "JogoDaVelha" */;
			compatibilityVersion = "Xcode 14.0";
			developmentRegion = en;
			hasScannedForEncodings = 0;
			knownRegions = (
				en,
				Base,
			);
			mainGroup = 631EA69129DF97DB009939E5;
			productRefGroup = 631EA69B29DF97DB009939E5 /* Products */;
			projectDirPath = "";
			projectRoot = "";
			targets = (
				631EA69929DF97DB009939E5 /* JogoDaVelha */,
				6311ADBA29E0E65A0079B596 /* JogoDaVelhaTest */,
			);
		};
/* End PBXProject section */

/* Begin PBXSourcesBuildPhase section */
		6311ADB729E0E65A0079B596 /* Sources */ = {
			isa = PBXSourcesBuildPhase;
			buildActionMask = 2147483647;
			files = (
				6311ADC229E0E7FB0079B596 /* view.cpp in Sources */,
				6311ADC429E0EA0D0079B596 /* InteligenceTest.cpp in Sources */,
				6311ADBE29E0E65A0079B596 /* mainTest.cpp in Sources */,
				6311ADC529E0F55F0079B596 /* inteligence.cpp in Sources */,
			);
			runOnlyForDeploymentPostprocessing = 0;
		};
		631EA69629DF97DB009939E5 /* Sources */ = {
			isa = PBXSourcesBuildPhase;
			buildActionMask = 2147483647;
			files = (
				6311AD8429E047D40079B596 /* game_play.cpp in Sources */,
				631EA6B429DFB11F009939E5 /* view.cpp in Sources */,
				631EA6B129DFAA71009939E5 /* inteligence.cpp in Sources */,
				631EA69E29DF97DB009939E5 /* main.cpp in Sources */,
				631EA6A929DF9AE6009939E5 /* game.cpp in Sources */,
			);
			runOnlyForDeploymentPostprocessing = 0;
		};
/* End PBXSourcesBuildPhase section */

/* Begin XCBuildConfiguration section */
		6311ADC029E0E65A0079B596 /* Debug */ = {
			isa = XCBuildConfiguration;
			buildSettings = {
				CODE_SIGN_STYLE = Automatic;
				PRODUCT_NAME = "$(TARGET_NAME)";
			};
			name = Debug;
		};
		6311ADC129E0E65A0079B596 /* Release */ = {
			isa = XCBuildConfiguration;
			buildSettings = {
				CODE_SIGN_STYLE = Automatic;
				PRODUCT_NAME = "$(TARGET_NAME)";
			};
			name = Release;
		};
		631EA69F29DF97DB009939E5 /* Debug */ = {
			isa = XCBuildConfiguration;
			buildSettings = {
				ALWAYS_SEARCH_USER_PATHS = NO;
				CLANG_ANALYZER_NONNULL = YES;
				CLANG_ANALYZER_NUMBER_OBJECT_CONVERSION = YES_AGGRESSIVE;
				CLANG_CXX_LANGUAGE_STANDARD = "gnu++20";
				CLANG_ENABLE_MODULES = YES;
				CLANG_ENABLE_OBJC_ARC = YES;
				CLANG_ENABLE_OBJC_WEAK = YES;
				CLANG_WARN_BLOCK_CAPTURE_AUTORELEASING = YES;
				CLANG_WARN_BOOL_CONVERSION = YES;
				CLANG_WARN_COMMA = YES;
				CLANG_WARN_CONSTANT_CONVERSION = YES;
				CLANG_WARN_DEPRECATED_OBJC_IMPLEMENTATIONS = YES;
				CLANG_WARN_DIRECT_OBJC_ISA_USAGE = YES_ERROR;
				CLANG_WARN_DOCUMENTATION_COMMENTS = YES;
				CLANG_WARN_EMPTY_BODY = YES;
				CLANG_WARN_ENUM_CONVERSION = YES;
				CLANG_WARN_INFINITE_RECURSION = YES;
				CLANG_WARN_INT_CONVERSION = YES;
				CLANG_WARN_NON_LITERAL_NULL_CONVERSION = YES;
				CLANG_WARN_OBJC_IMPLICIT_RETAIN_SELF = YES;
				CLANG_WARN_OBJC_LITERAL_CONVERSION = YES;
				CLANG_WARN_OBJC_ROOT_CLASS = YES_ERROR;
				CLANG_WARN_QUOTED_INCLUDE_IN_FRAMEWORK_HEADER = YES;
				CLANG_WARN_RANGE_LOOP_ANALYSIS = YES;
				CLANG_WARN_STRICT_PROTOTYPES = YES;
				CLANG_WARN_SUSPICIOUS_MOVE = YES;
				CLANG_WARN_UNGUARDED_AVAILABILITY = YES_AGGRESSIVE;
				CLANG_WARN_UNREACHABLE_CODE = YES;
				CLANG_WARN__DUPLICATE_METHOD_MATCH = YES;
				COPY_PHASE_STRIP = NO;
				DEBUG_INFORMATION_FORMAT = dwarf;
				ENABLE_STRICT_OBJC_MSGSEND = YES;
				ENABLE_TESTABILITY = YES;
				GCC_C_LANGUAGE_STANDARD = gnu11;
				GCC_DYNAMIC_NO_PIC = NO;
				GCC_NO_COMMON_BLOCKS = YES;
				GCC_OPTIMIZATION_LEVEL = 0;
				GCC_PREPROCESSOR_DEFINITIONS = (
					"DEBUG=1",
					"$(inherited)",
				);
				GCC_WARN_64_TO_32_BIT_CONVERSION = YES;
				GCC_WARN_ABOUT_RETURN_TYPE = YES_ERROR;
				GCC_WARN_UNDECLARED_SELECTOR = YES;
				GCC_WARN_UNINITIALIZED_AUTOS = YES_AGGRESSIVE;
				GCC_WARN_UNUSED_FUNCTION = YES;
				GCC_WARN_UNUSED_VARIABLE = YES;
				MACOSX_DEPLOYMENT_TARGET = 13.0;
				MTL_ENABLE_DEBUG_INFO = INCLUDE_SOURCE;
				MTL_FAST_MATH = YES;
				ONLY_ACTIVE_ARCH = YES;
				SDKROOT = macosx;
			};
			name = Debug;
		};
		631EA6A029DF97DB009939E5 /* Release */ = {
			isa = XCBuildConfiguration;
			buildSettings = {
				ALWAYS_SEARCH_USER_PATHS = NO;
				CLANG_ANALYZER_NONNULL = YES;
				CLANG_ANALYZER_NUMBER_OBJECT_CONVERSION = YES_AGGRESSIVE;
				CLANG_CXX_LANGUAGE_STANDARD = "gnu++20";
				CLANG_ENABLE_MODULES = YES;
				CLANG_ENABLE_OBJC_ARC = YES;
				CLANG_ENABLE_OBJC_WEAK = YES;
				CLANG_WARN_BLOCK_CAPTURE_AUTORELEASING = YES;
				CLANG_WARN_BOOL_CONVERSION = YES;
				CLANG_WARN_COMMA = YES;
				CLANG_WARN_CONSTANT_CONVERSION = YES;
				CLANG_WARN_DEPRECATED_OBJC_IMPLEMENTATIONS = YES;
				CLANG_WARN_DIRECT_OBJC_ISA_USAGE = YES_ERROR;
				CLANG_WARN_DOCUMENTATION_COMMENTS = YES;
				CLANG_WARN_EMPTY_BODY = YES;
				CLANG_WARN_ENUM_CONVERSION = YES;
				CLANG_WARN_INFINITE_RECURSION = YES;
				CLANG_WARN_INT_CONVERSION = YES;
				CLANG_WARN_NON_LITERAL_NULL_CONVERSION = YES;
				CLANG_WARN_OBJC_IMPLICIT_RETAIN_SELF = YES;
				CLANG_WARN_OBJC_LITERAL_CONVERSION = YES;
				CLANG_WARN_OBJC_ROOT_CLASS = YES_ERROR;
				CLANG_WARN_QUOTED_INCLUDE_IN_FRAMEWORK_HEADER = YES;
				CLANG_WARN_RANGE_LOOP_ANALYSIS = YES;
				CLANG_WARN_STRICT_PROTOTYPES = YES;
				CLANG_WARN_SUSPICIOUS_MOVE = YES;
				CLANG_WARN_UNGUARDED_AVAILABILITY = YES_AGGRESSIVE;
				CLANG_WARN_UNREACHABLE_CODE = YES;
				CLANG_WARN__DUPLICATE_METHOD_MATCH = YES;
				COPY_PHASE_STRIP = NO;
				DEBUG_INFORMATION_FORMAT = "dwarf-with-dsym";
				ENABLE_NS_ASSERTIONS = NO;
				ENABLE_STRICT_OBJC_MSGSEND = YES;
				GCC_C_LANGUAGE_STANDARD = gnu11;
				GCC_NO_COMMON_BLOCKS = YES;
				GCC_WARN_64_TO_32_BIT_CONVERSION = YES;
				GCC_WARN_ABOUT_RETURN_TYPE = YES_ERROR;
				GCC_WARN_UNDECLARED_SELECTOR = YES;
				GCC_WARN_UNINITIALIZED_AUTOS = YES_AGGRESSIVE;
				GCC_WARN_UNUSED_FUNCTION = YES;
				GCC_WARN_UNUSED_VARIABLE = YES;
				MACOSX_DEPLOYMENT_TARGET = 13.0;
				MTL_ENABLE_DEBUG_INFO = NO;
				MTL_FAST_MATH = YES;
				SDKROOT = macosx;
			};
			name = Release;
		};
		631EA6A229DF97DB009939E5 /* Debug */ = {
			isa = XCBuildConfiguration;
			buildSettings = {
				CODE_SIGN_STYLE = Automatic;
				PRODUCT_NAME = "$(TARGET_NAME)";
			};
			name = Debug;
		};
		631EA6A329DF97DB009939E5 /* Release */ = {
			isa = XCBuildConfiguration;
			buildSettings = {
				CODE_SIGN_STYLE = Automatic;
				PRODUCT_NAME = "$(TARGET_NAME)";
			};
			name = Release;
		};
/* End XCBuildConfiguration section */

/* Begin XCConfigurationList section */
		6311ADBF29E0E65A0079B596 /* Build configuration list for PBXNativeTarget "JogoDaVelhaTest" */ = {
			isa = XCConfigurationList;
			buildConfigurations = (
				6311ADC029E0E65A0079B596 /* Debug */,
				6311ADC129E0E65A0079B596 /* Release */,
			);
			defaultConfigurationIsVisible = 0;
			defaultConfigurationName = Release;
		};
		631EA69529DF97DB009939E5 /* Build configuration list for PBXProject "JogoDaVelha" */ = {
			isa = XCConfigurationList;
			buildConfigurations = (
				631EA69F29DF97DB009939E5 /* Debug */,
				631EA6A029DF97DB009939E5 /* Release */,
			);
			defaultConfigurationIsVisible = 0;
			defaultConfigurationName = Release;
		};
		631EA6A129DF97DB009939E5 /* Build configuration list for PBXNativeTarget "JogoDaVelha" */ = {
			isa = XCConfigurationList;
			buildConfigurations = (
				631EA6A229DF97DB009939E5 /* Debug */,
				631EA6A329DF97DB009939E5 /* Release */,
			);
			defaultConfigurationIsVisible = 0;
			defaultConfigurationName = Release;
		};
/* End XCConfigurationList section */
	};
	rootObject = 631EA69229DF97DB009939E5 /* Project object */;
}
